"version": "v3.5.10",
            "source": {
                "type": "git",
                "url": "https://github.com/livewire/livewire.git",
                "reference": "774092003edb2670615ef09f3a9fbdd335d6d0d7"
            },
            "dist": {
                "type": "zip",
                "url": "https://api.github.com/repos/livewire/livewire/zipball/774092003edb2670615ef09f3a9fbdd335d6d0d7",
                "reference": "774092003edb2670615ef09f3a9fbdd335d6d0d7",